
Microsoft Visual Studio Solution File, Format Version 12.00
# Visual Studio 15
VisualStudioVersion = 15.0.28307.1433
MinimumVisualStudioVersion = 10.0.40219.1
Project("{FAE04EC0-301F-11D3-BF4B-00C04F79EFBC}") = "abc.com", "abc.com\abc.com.csproj", "{5A1ABB83-3B70-4F2A-A1BF-FC9605DE0244}"
EndProject
Global
	GlobalSection(SolutionConfigurationPlatforms) = preSolution
		Debug|Any CPU = Debug|Any CPU
		Release|Any CPU = Release|Any CPU
	EndGlobalSection
	GlobalSection(ProjectConfigurationPlatforms) = postSolution
		{5A1ABB83-3B70-4F2A-A1BF-FC9605DE0244}.Debug|Any CPU.ActiveCfg = Debug|Any CPU
		{5A1ABB83-3B70-4F2A-A1BF-FC9605DE0244}.Debug|Any CPU.Build.0 = Debug|Any CPU
		{5A1ABB83-3B70-4F2A-A1BF-FC9605DE0244}.Release|Any CPU.ActiveCfg = Release|Any CPU
		{5A1ABB83-3B70-4F2A-A1BF-FC9605DE0244}.Release|Any CPU.Build.0 = Release|Any CPU
	EndGlobalSection
	GlobalSection(SolutionProperties) = preSolution
		HideSolutionNode = FALSE
	EndGlobalSection
	GlobalSection(ExtensibilityGlobals) = postSolution
		SolutionGuid = {247CB2B9-5980-4C9C-BEB3-F3CCD29FB1C1}
	EndGlobalSection
EndGlobal
